<?xml version="1.0" encoding="utf-8"?>
<Project ToolsVersion="4.0" xmlns="http://schemas.microsoft.com/developer/msbuild/2003">
  <ItemGroup>
    <ClCompile Include="gtest_main.cpp" />
    <ClCompile Include="src\nth_element_timings.cpp" />
    <ClCompile Include="src\nth_element_basics.cpp" />
  </ItemGroup>
  <ItemGroup>
    <ClInclude Include="targetver.h" />
    <ClInclude Include="leftover_headers\accumulate_text_example.h" />
    <ClInclude Include="leftover_headers\coords_example.h" />
    <ClInclude Include="src\P2375_nth_element.h" />
    <ClInclude Include="src\unit_test_helpers.h" />
  </ItemGroup>
</Project>