<?xml version="1.0" encoding="utf-8"?>
<Project ToolsVersion="4.0" xmlns="http://schemas.microsoft.com/developer/msbuild/2003">
  <ItemGroup>
    <ClCompile Include="src\tests\gtest_main.cpp" />
    <ClCompile Include="src\tests\nth_element_timings.cpp" />
    <ClCompile Include="src\tests\nth_element_basics.cpp" />
    <ClCompile Include="src\ensure_compile\multi_select_by_nths_bisect.cpp" />
    <ClCompile Include="src\ensure_compile\multi_quick_select.cpp" />
    <ClCompile Include="src\ensure_compile\multi_select_by_nths_bisect_at_center_iterator.cpp" />
    <ClCompile Include="src\ensure_compile\unit_test_helpers.cpp" />
    <ClCompile Include="src\ensure_compile\selection_impl_utils.cpp" />
    <ClCompile Include="src\ensure_compile\quick_select.cpp" />
    <ClCompile Include="src\tests\utils_t.cpp" />
    <ClCompile Include="src\ensure_compile\selection_policies.cpp" />
  </ItemGroup>
  <ItemGroup>
    <ClInclude Include="targetver.h" />
    <ClInclude Include="leftover_headers\accumulate_text_example.h" />
    <ClInclude Include="leftover_headers\coords_example.h" />
    <ClInclude Include="src\multi_select_by_nth_bisect.h" />
    <ClInclude Include="src\tests\unit_test_helpers.h" />
    <ClInclude Include="include\multi_select_by_nths_bisect_at_center_iterator.h" />
    <ClInclude Include="include\multi_quick_select.h" />
    <ClInclude Include="include\multi_select_by_nths_bisect.h" />
    <ClInclude Include="src\P2375_nth_element.h" />
    <ClInclude Include="include\selection_impl_utils.h" />
    <ClInclude Include="include\single_quick_select_common.h" />
    <ClInclude Include="include\multi_quick_select_common.h" />
    <ClInclude Include="include\selection_impl_utils_fwd.h" />
    <ClInclude Include="include\single_quick_select.h" />
    <ClInclude Include="include\median_of_medians.h" />
    <ClInclude Include="include\single_quick_select_declarations.h" />
    <ClInclude Include="include\ms_stl_median_common.h" />
    <ClInclude Include="include\selection_policies.h" />
  </ItemGroup>
  <ItemGroup>
    <None Include="CODE_README.md" />
  </ItemGroup>
</Project>